// !$*UTF8*$!
{
	archiveVersion = 1;
	classes = {
	};
	objectVersion = 77;
	objects = {

/* Begin PBXBuildFile section */
		96E872E92DA3CEC80014ACF3 /* ActivityKit.framework in Frameworks */ = {isa = PBXBuildFile; fileRef = 96E872E82DA3CEC80014ACF3 /* ActivityKit.framework */; };
		96E872EB2DA3CECF0014ACF3 /* UIKit.framework in Frameworks */ = {isa = PBXBuildFile; fileRef = 96E872EA2DA3CECF0014ACF3 /* UIKit.framework */; };
		96E8732C2DA3CFA70014ACF3 /* WidgetKit.framework in Frameworks */ = {isa = PBXBuildFile; fileRef = 96E872EC2DA3CED70014ACF3 /* WidgetKit.framework */; };
		96E8732E2DA3CFA70014ACF3 /* SwiftUI.framework in Frameworks */ = {isa = PBXBuildFile; fileRef = 96E8732D2DA3CFA70014ACF3 /* SwiftUI.framework */; };
		96E8733F2DA3CFA90014ACF3 /* widgetExtension.appex in Embed Foundation Extensions */ = {isa = PBXBuildFile; fileRef = 96E8732B2DA3CFA70014ACF3 /* widgetExtension.appex */; settings = {ATTRIBUTES = (RemoveHeadersOnCopy, ); }; };
/* End PBXBuildFile section */

/* Begin PBXContainerItemProxy section */
		96C7C82F2DA3B8140054C754 /* PBXContainerItemProxy */ = {
			isa = PBXContainerItemProxy;
			containerPortal = 96C7C8102DA3B8130054C754 /* Project object */;
			proxyType = 1;
			remoteGlobalIDString = 96C7C8172DA3B8130054C754;
			remoteInfo = "cat-not-on-chair";
		};
		96C7C8392DA3B8150054C754 /* PBXContainerItemProxy */ = {
			isa = PBXContainerItemProxy;
			containerPortal = 96C7C8102DA3B8130054C754 /* Project object */;
			proxyType = 1;
			remoteGlobalIDString = 96C7C8172DA3B8130054C754;
			remoteInfo = "cat-not-on-chair";
		};
		96E8733D2DA3CFA90014ACF3 /* PBXContainerItemProxy */ = {
			isa = PBXContainerItemProxy;
			containerPortal = 96C7C8102DA3B8130054C754 /* Project object */;
			proxyType = 1;
			remoteGlobalIDString = 96E8732A2DA3CFA70014ACF3;
			remoteInfo = widgetExtension;
		};
/* End PBXContainerItemProxy section */

/* Begin PBXCopyFilesBuildPhase section */
		96E873442DA3CFA90014ACF3 /* Embed Foundation Extensions */ = {
			isa = PBXCopyFilesBuildPhase;
			buildActionMask = 2147483647;
			dstPath = "";
			dstSubfolderSpec = 13;
			files = (
				96E8733F2DA3CFA90014ACF3 /* widgetExtension.appex in Embed Foundation Extensions */,
			);
			name = "Embed Foundation Extensions";
			runOnlyForDeploymentPostprocessing = 0;
		};
/* End PBXCopyFilesBuildPhase section */

/* Begin PBXFileReference section */
		96C7C8182DA3B8130054C754 /* cat-not-on-chair.app */ = {isa = PBXFileReference; explicitFileType = wrapper.application; includeInIndex = 0; path = "cat-not-on-chair.app"; sourceTree = BUILT_PRODUCTS_DIR; };
		96C7C82E2DA3B8140054C754 /* cat-not-on-chairTests.xctest */ = {isa = PBXFileReference; explicitFileType = wrapper.cfbundle; includeInIndex = 0; path = "cat-not-on-chairTests.xctest"; sourceTree = BUILT_PRODUCTS_DIR; };
		96C7C8382DA3B8150054C754 /* cat-not-on-chairUITests.xctest */ = {isa = PBXFileReference; explicitFileType = wrapper.cfbundle; includeInIndex = 0; path = "cat-not-on-chairUITests.xctest"; sourceTree = BUILT_PRODUCTS_DIR; };
		96E872E82DA3CEC80014ACF3 /* ActivityKit.framework */ = {isa = PBXFileReference; lastKnownFileType = wrapper.framework; name = ActivityKit.framework; path = System/Library/Frameworks/ActivityKit.framework; sourceTree = SDKROOT; };
		96E872EA2DA3CECF0014ACF3 /* UIKit.framework */ = {isa = PBXFileReference; lastKnownFileType = wrapper.framework; name = UIKit.framework; path = System/Library/Frameworks/UIKit.framework; sourceTree = SDKROOT; };
		96E872EC2DA3CED70014ACF3 /* WidgetKit.framework */ = {isa = PBXFileReference; lastKnownFileType = wrapper.framework; name = WidgetKit.framework; path = System/Library/Frameworks/WidgetKit.framework; sourceTree = SDKROOT; };
		96E8732B2DA3CFA70014ACF3 /* widgetExtension.appex */ = {isa = PBXFileReference; explicitFileType = "wrapper.app-extension"; includeInIndex = 0; path = widgetExtension.appex; sourceTree = BUILT_PRODUCTS_DIR; };
		96E8732D2DA3CFA70014ACF3 /* SwiftUI.framework */ = {isa = PBXFileReference; lastKnownFileType = wrapper.framework; name = SwiftUI.framework; path = System/Library/Frameworks/SwiftUI.framework; sourceTree = SDKROOT; };
/* End PBXFileReference section */

/* Begin PBXFileSystemSynchronizedBuildFileExceptionSet section */
		96C7C8402DA3B8150054C754 /* Exceptions for "cat-not-on-chair" folder in "cat-not-on-chair" target */ = {
			isa = PBXFileSystemSynchronizedBuildFileExceptionSet;
			membershipExceptions = (
				Info.plist,
			);
			target = 96C7C8172DA3B8130054C754 /* cat-not-on-chair */;
		};
		96E873432DA3CFA90014ACF3 /* Exceptions for "widget" folder in "widgetExtension" target */ = {
			isa = PBXFileSystemSynchronizedBuildFileExceptionSet;
			membershipExceptions = (
				Info.plist,
			);
			target = 96E8732A2DA3CFA70014ACF3 /* widgetExtension */;
		};
/* End PBXFileSystemSynchronizedBuildFileExceptionSet section */

/* Begin PBXFileSystemSynchronizedRootGroup section */
		96C7C81A2DA3B8130054C754 /* cat-not-on-chair */ = {
			isa = PBXFileSystemSynchronizedRootGroup;
			exceptions = (
				96C7C8402DA3B8150054C754 /* Exceptions for "cat-not-on-chair" folder in "cat-not-on-chair" target */,
			);
			path = "cat-not-on-chair";
			sourceTree = "<group>";
		};
		96C7C8312DA3B8140054C754 /* cat-not-on-chairTests */ = {
			isa = PBXFileSystemSynchronizedRootGroup;
			path = "cat-not-on-chairTests";
			sourceTree = "<group>";
		};
		96C7C83B2DA3B8150054C754 /* cat-not-on-chairUITests */ = {
			isa = PBXFileSystemSynchronizedRootGroup;
			path = "cat-not-on-chairUITests";
			sourceTree = "<group>";
		};
		96E8732F2DA3CFA70014ACF3 /* widget */ = {
			isa = PBXFileSystemSynchronizedRootGroup;
			exceptions = (
				96E873432DA3CFA90014ACF3 /* Exceptions for "widget" folder in "widgetExtension" target */,
			);
			path = widget;
			sourceTree = "<group>";
		};
/* End PBXFileSystemSynchronizedRootGroup section */

/* Begin PBXFrameworksBuildPhase section */
		96C7C8152DA3B8130054C754 /* Frameworks */ = {
			isa = PBXFrameworksBuildPhase;
			buildActionMask = 2147483647;
			files = (
				96E872E92DA3CEC80014ACF3 /* ActivityKit.framework in Frameworks */,
				96E872EB2DA3CECF0014ACF3 /* UIKit.framework in Frameworks */,
			);
			runOnlyForDeploymentPostprocessing = 0;
		};
		96C7C82B2DA3B8140054C754 /* Frameworks */ = {
			isa = PBXFrameworksBuildPhase;
			buildActionMask = 2147483647;
			files = (
			);
			runOnlyForDeploymentPostprocessing = 0;
		};
		96C7C8352DA3B8150054C754 /* Frameworks */ = {
			isa = PBXFrameworksBuildPhase;
			buildActionMask = 2147483647;
			files = (
			);
			runOnlyForDeploymentPostprocessing = 0;
		};
		96E873282DA3CFA70014ACF3 /* Frameworks */ = {
			isa = PBXFrameworksBuildPhase;
			buildActionMask = 2147483647;
			files = (
				96E8732E2DA3CFA70014ACF3 /* SwiftUI.framework in Frameworks */,
				96E8732C2DA3CFA70014ACF3 /* WidgetKit.framework in Frameworks */,
			);
			runOnlyForDeploymentPostprocessing = 0;
		};
/* End PBXFrameworksBuildPhase section */

/* Begin PBXGroup section */
		96C7C80F2DA3B8130054C754 = {
			isa = PBXGroup;
			children = (
				96C7C81A2DA3B8130054C754 /* cat-not-on-chair */,
				96C7C8312DA3B8140054C754 /* cat-not-on-chairTests */,
				96C7C83B2DA3B8150054C754 /* cat-not-on-chairUITests */,
				96E8732F2DA3CFA70014ACF3 /* widget */,
				96E872E72DA3CEC80014ACF3 /* Frameworks */,
				96C7C8192DA3B8130054C754 /* Products */,
			);
			sourceTree = "<group>";
		};
		96C7C8192DA3B8130054C754 /* Products */ = {
			isa = PBXGroup;
			children = (
				96C7C8182DA3B8130054C754 /* cat-not-on-chair.app */,
				96C7C82E2DA3B8140054C754 /* cat-not-on-chairTests.xctest */,
				96C7C8382DA3B8150054C754 /* cat-not-on-chairUITests.xctest */,
				96E8732B2DA3CFA70014ACF3 /* widgetExtension.appex */,
			);
			name = Products;
			sourceTree = "<group>";
		};
		96E872E72DA3CEC80014ACF3 /* Frameworks */ = {
			isa = PBXGroup;
			children = (
				96E872EC2DA3CED70014ACF3 /* WidgetKit.framework */,
				96E872EA2DA3CECF0014ACF3 /* UIKit.framework */,
				96E872E82DA3CEC80014ACF3 /* ActivityKit.framework */,
				96E8732D2DA3CFA70014ACF3 /* SwiftUI.framework */,
			);
			name = Frameworks;
			sourceTree = "<group>";
		};
/* End PBXGroup section */

/* Begin PBXNativeTarget section */
		96C7C8172DA3B8130054C754 /* cat-not-on-chair */ = {
			isa = PBXNativeTarget;
			buildConfigurationList = 96C7C8412DA3B8150054C754 /* Build configuration list for PBXNativeTarget "cat-not-on-chair" */;
			buildPhases = (
				96C7C8142DA3B8130054C754 /* Sources */,
				96C7C8152DA3B8130054C754 /* Frameworks */,
				96C7C8162DA3B8130054C754 /* Resources */,
				96E873442DA3CFA90014ACF3 /* Embed Foundation Extensions */,
			);
			buildRules = (
			);
			dependencies = (
				96E8733E2DA3CFA90014ACF3 /* PBXTargetDependency */,
			);
			fileSystemSynchronizedGroups = (
				96C7C81A2DA3B8130054C754 /* cat-not-on-chair */,
			);
			name = "cat-not-on-chair";
			packageProductDependencies = (
			);
			productName = "cat-not-on-chair";
			productReference = 96C7C8182DA3B8130054C754 /* cat-not-on-chair.app */;
			productType = "com.apple.product-type.application";
		};
		96C7C82D2DA3B8140054C754 /* cat-not-on-chairTests */ = {
			isa = PBXNativeTarget;
			buildConfigurationList = 96C7C8462DA3B8150054C754 /* Build configuration list for PBXNativeTarget "cat-not-on-chairTests" */;
			buildPhases = (
				96C7C82A2DA3B8140054C754 /* Sources */,
				96C7C82B2DA3B8140054C754 /* Frameworks */,
				96C7C82C2DA3B8140054C754 /* Resources */,
			);
			buildRules = (
			);
			dependencies = (
				96C7C8302DA3B8140054C754 /* PBXTargetDependency */,
			);
			fileSystemSynchronizedGroups = (
				96C7C8312DA3B8140054C754 /* cat-not-on-chairTests */,
			);
			name = "cat-not-on-chairTests";
			packageProductDependencies = (
			);
			productName = "cat-not-on-chairTests";
			productReference = 96C7C82E2DA3B8140054C754 /* cat-not-on-chairTests.xctest */;
			productType = "com.apple.product-type.bundle.unit-test";
		};
		96C7C8372DA3B8150054C754 /* cat-not-on-chairUITests */ = {
			isa = PBXNativeTarget;
			buildConfigurationList = 96C7C8492DA3B8150054C754 /* Build configuration list for PBXNativeTarget "cat-not-on-chairUITests" */;
			buildPhases = (
				96C7C8342DA3B8150054C754 /* Sources */,
				96C7C8352DA3B8150054C754 /* Frameworks */,
				96C7C8362DA3B8150054C754 /* Resources */,
			);
			buildRules = (
			);
			dependencies = (
				96C7C83A2DA3B8150054C754 /* PBXTargetDependency */,
			);
			fileSystemSynchronizedGroups = (
				96C7C83B2DA3B8150054C754 /* cat-not-on-chairUITests */,
			);
			name = "cat-not-on-chairUITests";
			packageProductDependencies = (
			);
			productName = "cat-not-on-chairUITests";
			productReference = 96C7C8382DA3B8150054C754 /* cat-not-on-chairUITests.xctest */;
			productType = "com.apple.product-type.bundle.ui-testing";
		};
		96E8732A2DA3CFA70014ACF3 /* widgetExtension */ = {
			isa = PBXNativeTarget;
			buildConfigurationList = 96E873402DA3CFA90014ACF3 /* Build configuration list for PBXNativeTarget "widgetExtension" */;
			buildPhases = (
				96E873272DA3CFA70014ACF3 /* Sources */,
				96E873282DA3CFA70014ACF3 /* Frameworks */,
				96E873292DA3CFA70014ACF3 /* Resources */,
			);
			buildRules = (
			);
			dependencies = (
			);
			fileSystemSynchronizedGroups = (
				96E8732F2DA3CFA70014ACF3 /* widget */,
			);
			name = widgetExtension;
			packageProductDependencies = (
			);
			productName = widgetExtension;
			productReference = 96E8732B2DA3CFA70014ACF3 /* widgetExtension.appex */;
			productType = "com.apple.product-type.app-extension";
		};
/* End PBXNativeTarget section */

/* Begin PBXProject section */
		96C7C8102DA3B8130054C754 /* Project object */ = {
			isa = PBXProject;
			attributes = {
				BuildIndependentTargetsInParallel = 1;
				LastSwiftUpdateCheck = 1630;
				LastUpgradeCheck = 1630;
				TargetAttributes = {
					96C7C8172DA3B8130054C754 = {
						CreatedOnToolsVersion = 16.3;
					};
					96C7C82D2DA3B8140054C754 = {
						CreatedOnToolsVersion = 16.3;
						TestTargetID = 96C7C8172DA3B8130054C754;
					};
					96C7C8372DA3B8150054C754 = {
						CreatedOnToolsVersion = 16.3;
						TestTargetID = 96C7C8172DA3B8130054C754;
					};
					96E8732A2DA3CFA70014ACF3 = {
						CreatedOnToolsVersion = 16.3;
					};
				};
			};
			buildConfigurationList = 96C7C8132DA3B8130054C754 /* Build configuration list for PBXProject "cat-not-on-chair" */;
			developmentRegion = en;
			hasScannedForEncodings = 0;
			knownRegions = (
				en,
				Base,
			);
			mainGroup = 96C7C80F2DA3B8130054C754;
			minimizedProjectReferenceProxies = 1;
			preferredProjectObjectVersion = 77;
			productRefGroup = 96C7C8192DA3B8130054C754 /* Products */;
			projectDirPath = "";
			projectRoot = "";
			targets = (
				96C7C8172DA3B8130054C754 /* cat-not-on-chair */,
				96C7C82D2DA3B8140054C754 /* cat-not-on-chairTests */,
				96C7C8372DA3B8150054C754 /* cat-not-on-chairUITests */,
				96E8732A2DA3CFA70014ACF3 /* widgetExtension */,
			);
		};
/* End PBXProject section */

/* Begin PBXResourcesBuildPhase section */
		96C7C8162DA3B8130054C754 /* Resources */ = {
			isa = PBXResourcesBuildPhase;
			buildActionMask = 2147483647;
			files = (
			);
			runOnlyForDeploymentPostprocessing = 0;
		};
		96C7C82C2DA3B8140054C754 /* Resources */ = {
			isa = PBXResourcesBuildPhase;
			buildActionMask = 2147483647;
			files = (
			);
			runOnlyForDeploymentPostprocessing = 0;
		};
		96C7C8362DA3B8150054C754 /* Resources */ = {
			isa = PBXResourcesBuildPhase;
			buildActionMask = 2147483647;
			files = (
			);
			runOnlyForDeploymentPostprocessing = 0;
		};
		96E873292DA3CFA70014ACF3 /* Resources */ = {
			isa = PBXResourcesBuildPhase;
			buildActionMask = 2147483647;
			files = (
			);
			runOnlyForDeploymentPostprocessing = 0;
		};
/* End PBXResourcesBuildPhase section */

/* Begin PBXSourcesBuildPhase section */
		96C7C8142DA3B8130054C754 /* Sources */ = {
			isa = PBXSourcesBuildPhase;
			buildActionMask = 2147483647;
			files = (
			);
			runOnlyForDeploymentPostprocessing = 0;
		};
		96C7C82A2DA3B8140054C754 /* Sources */ = {
			isa = PBXSourcesBuildPhase;
			buildActionMask = 2147483647;
			files = (
			);
			runOnlyForDeploymentPostprocessing = 0;
		};
		96C7C8342DA3B8150054C754 /* Sources */ = {
			isa = PBXSourcesBuildPhase;
			buildActionMask = 2147483647;
			files = (
			);
			runOnlyForDeploymentPostprocessing = 0;
		};
		96E873272DA3CFA70014ACF3 /* Sources */ = {
			isa = PBXSourcesBuildPhase;
			buildActionMask = 2147483647;
			files = (
			);
			runOnlyForDeploymentPostprocessing = 0;
		};
/* End PBXSourcesBuildPhase section */

/* Begin PBXTargetDependency section */
		96C7C8302DA3B8140054C754 /* PBXTargetDependency */ = {
			isa = PBXTargetDependency;
			target = 96C7C8172DA3B8130054C754 /* cat-not-on-chair */;
			targetProxy = 96C7C82F2DA3B8140054C754 /* PBXContainerItemProxy */;
		};
		96C7C83A2DA3B8150054C754 /* PBXTargetDependency */ = {
			isa = PBXTargetDependency;
			target = 96C7C8172DA3B8130054C754 /* cat-not-on-chair */;
			targetProxy = 96C7C8392DA3B8150054C754 /* PBXContainerItemProxy */;
		};
		96E8733E2DA3CFA90014ACF3 /* PBXTargetDependency */ = {
			isa = PBXTargetDependency;
			target = 96E8732A2DA3CFA70014ACF3 /* widgetExtension */;
			targetProxy = 96E8733D2DA3CFA90014ACF3 /* PBXContainerItemProxy */;
		};
/* End PBXTargetDependency section */

/* Begin XCBuildConfiguration section */
		96C7C8422DA3B8150054C754 /* Debug */ = {
			isa = XCBuildConfiguration;
			buildSettings = {
				ASSETCATALOG_COMPILER_APPICON_NAME = AppIcon;
				ASSETCATALOG_COMPILER_GLOBAL_ACCENT_COLOR_NAME = AccentColor;
				CODE_SIGN_ENTITLEMENTS = "cat-not-on-chair/cat-not-on-chair.entitlements";
				CODE_SIGN_STYLE = Automatic;
				CURRENT_PROJECT_VERSION = 1;
				DEVELOPMENT_TEAM = PL8HN56NHD;
				GENERATE_INFOPLIST_FILE = YES;
				INFOPLIST_FILE = "cat-not-on-chair/Info.plist";
				INFOPLIST_KEY_NSSupportsLiveActivities = YES;
				INFOPLIST_KEY_NSSupportsLiveActivitiesFrequentUpdates = YES;
				INFOPLIST_KEY_UIApplicationSupportsIndirectInputEvents = YES;
				INFOPLIST_KEY_UILaunchStoryboardName = LaunchScreen;
				INFOPLIST_KEY_UIMainStoryboardFile = Main;
				INFOPLIST_KEY_UISupportedInterfaceOrientations_iPad = "UIInterfaceOrientationPortrait UIInterfaceOrientationPortraitUpsideDown UIInterfaceOrientationLandscapeLeft UIInterfaceOrientationLandscapeRight";
				INFOPLIST_KEY_UISupportedInterfaceOrientations_iPhone = "UIInterfaceOrientationPortrait UIInterfaceOrientationLandscapeLeft UIInterfaceOrientationLandscapeRight";
				IPHONEOS_DEPLOYMENT_TARGET = 18.0;
				LD_RUNPATH_SEARCH_PATHS = (
					"$(inherited)",
					"@executable_path/Frameworks",
				);
				MARKETING_VERSION = 1.0;
				PRODUCT_BUNDLE_IDENTIFIER = com.ryanyao.catnotonchair;
				PRODUCT_NAME = "$(TARGET_NAME)";
				SWIFT_EMIT_LOC_STRINGS = YES;
				SWIFT_VERSION = 5.0;
				TARGETED_DEVICE_FAMILY = "1,2";
			};
			name = Debug;
		};
		96C7C8432DA3B8150054C754 /* Release */ = {
			isa = XCBuildConfiguration;
			buildSettings = {
				ASSETCATALOG_COMPILER_APPICON_NAME = AppIcon;
				ASSETCATALOG_COMPILER_GLOBAL_ACCENT_COLOR_NAME = AccentColor;
				CODE_SIGN_ENTITLEMENTS = "cat-not-on-chair/cat-not-on-chair.entitlements";
				CODE_SIGN_STYLE = Automatic;
				CURRENT_PROJECT_VERSION = 1;
				DEVELOPMENT_TEAM = PL8HN56NHD;
				GENERATE_INFOPLIST_FILE = YES;
				INFOPLIST_FILE = "cat-not-on-chair/Info.plist";
				INFOPLIST_KEY_NSSupportsLiveActivities = YES;
				INFOPLIST_KEY_NSSupportsLiveActivitiesFrequentUpdates = YES;
				INFOPLIST_KEY_UIApplicationSupportsIndirectInputEvents = YES;
				INFOPLIST_KEY_UILaunchStoryboardName = LaunchScreen;
				INFOPLIST_KEY_UIMainStoryboardFile = Main;
				INFOPLIST_KEY_UISupportedInterfaceOrientations_iPad = "UIInterfaceOrientationPortrait UIInterfaceOrientationPortraitUpsideDown UIInterfaceOrientationLandscapeLeft UIInterfaceOrientationLandscapeRight";
				INFOPLIST_KEY_UISupportedInterfaceOrientations_iPhone = "UIInterfaceOrientationPortrait UIInterfaceOrientationLandscapeLeft UIInterfaceOrientationLandscapeRight";
				IPHONEOS_DEPLOYMENT_TARGET = 18.0;
				LD_RUNPATH_SEARCH_PATHS = (
					"$(inherited)",
					"@executable_path/Frameworks",
				);
				MARKETING_VERSION = 1.0;
				PRODUCT_BUNDLE_IDENTIFIER = com.ryanyao.catnotonchair;
				PRODUCT_NAME = "$(TARGET_NAME)";
				SWIFT_EMIT_LOC_STRINGS = YES;
				SWIFT_VERSION = 5.0;
				TARGETED_DEVICE_FAMILY = "1,2";
			};
			name = Release;
		};
		96C7C8442DA3B8150054C754 /* Debug */ = {
			isa = XCBuildConfiguration;
			buildSettings = {
				ALWAYS_SEARCH_USER_PATHS = NO;
				ASSETCATALOG_COMPILER_GENERATE_SWIFT_ASSET_SYMBOL_EXTENSIONS = YES;
				CLANG_ANALYZER_NONNULL = YES;
				CLANG_ANALYZER_NUMBER_OBJECT_CONVERSION = YES_AGGRESSIVE;
				CLANG_CXX_LANGUAGE_STANDARD = "gnu++20";
				CLANG_ENABLE_MODULES = YES;
				CLANG_ENABLE_OBJC_ARC = YES;
				CLANG_ENABLE_OBJC_WEAK = YES;
				CLANG_WARN_BLOCK_CAPTURE_AUTORELEASING = YES;
				CLANG_WARN_BOOL_CONVERSION = YES;
				CLANG_WARN_COMMA = YES;
				CLANG_WARN_CONSTANT_CONVERSION = YES;
				CLANG_WARN_DEPRECATED_OBJC_IMPLEMENTATIONS = YES;
				CLANG_WARN_DIRECT_OBJC_ISA_USAGE = YES_ERROR;
				CLANG_WARN_DOCUMENTATION_COMMENTS = YES;
				CLANG_WARN_EMPTY_BODY = YES;
				CLANG_WARN_ENUM_CONVERSION = YES;
				CLANG_WARN_INFINITE_RECURSION = YES;
				CLANG_WARN_INT_CONVERSION = YES;
				CLANG_WARN_NON_LITERAL_NULL_CONVERSION = YES;
				CLANG_WARN_OBJC_IMPLICIT_RETAIN_SELF = YES;
				CLANG_WARN_OBJC_LITERAL_CONVERSION = YES;
				CLANG_WARN_OBJC_ROOT_CLASS = YES_ERROR;
				CLANG_WARN_QUOTED_INCLUDE_IN_FRAMEWORK_HEADER = YES;
				CLANG_WARN_RANGE_LOOP_ANALYSIS = YES;
				CLANG_WARN_STRICT_PROTOTYPES = YES;
				CLANG_WARN_SUSPICIOUS_MOVE = YES;
				CLANG_WARN_UNGUARDED_AVAILABILITY = YES_AGGRESSIVE;
				CLANG_WARN_UNREACHABLE_CODE = YES;
				CLANG_WARN__DUPLICATE_METHOD_MATCH = YES;
				COPY_PHASE_STRIP = NO;
				DEBUG_INFORMATION_FORMAT = dwarf;
				DEVELOPMENT_TEAM = PL8HN56NHD;
				ENABLE_STRICT_OBJC_MSGSEND = YES;
				ENABLE_TESTABILITY = YES;
				ENABLE_USER_SCRIPT_SANDBOXING = YES;
				GCC_C_LANGUAGE_STANDARD = gnu17;
				GCC_DYNAMIC_NO_PIC = NO;
				GCC_NO_COMMON_BLOCKS = YES;
				GCC_OPTIMIZATION_LEVEL = 0;
				GCC_PREPROCESSOR_DEFINITIONS = (
					"DEBUG=1",
					"$(inherited)",
				);
				GCC_WARN_64_TO_32_BIT_CONVERSION = YES;
				GCC_WARN_ABOUT_RETURN_TYPE = YES_ERROR;
				GCC_WARN_UNDECLARED_SELECTOR = YES;
				GCC_WARN_UNINITIALIZED_AUTOS = YES_AGGRESSIVE;
				GCC_WARN_UNUSED_FUNCTION = YES;
				GCC_WARN_UNUSED_VARIABLE = YES;
				IPHONEOS_DEPLOYMENT_TARGET = 18.4;
				LOCALIZATION_PREFERS_STRING_CATALOGS = YES;
				MTL_ENABLE_DEBUG_INFO = INCLUDE_SOURCE;
				MTL_FAST_MATH = YES;
				ONLY_ACTIVE_ARCH = YES;
				SDKROOT = iphoneos;
				SWIFT_ACTIVE_COMPILATION_CONDITIONS = "DEBUG $(inherited)";
				SWIFT_OPTIMIZATION_LEVEL = "-Onone";
			};
			name = Debug;
		};
		96C7C8452DA3B8150054C754 /* Release */ = {
			isa = XCBuildConfiguration;
			buildSettings = {
				ALWAYS_SEARCH_USER_PATHS = NO;
				ASSETCATALOG_COMPILER_GENERATE_SWIFT_ASSET_SYMBOL_EXTENSIONS = YES;
				CLANG_ANALYZER_NONNULL = YES;
				CLANG_ANALYZER_NUMBER_OBJECT_CONVERSION = YES_AGGRESSIVE;
				CLANG_CXX_LANGUAGE_STANDARD = "gnu++20";
				CLANG_ENABLE_MODULES = YES;
				CLANG_ENABLE_OBJC_ARC = YES;
				CLANG_ENABLE_OBJC_WEAK = YES;
				CLANG_WARN_BLOCK_CAPTURE_AUTORELEASING = YES;
				CLANG_WARN_BOOL_CONVERSION = YES;
				CLANG_WARN_COMMA = YES;
				CLANG_WARN_CONSTANT_CONVERSION = YES;
				CLANG_WARN_DEPRECATED_OBJC_IMPLEMENTATIONS = YES;
				CLANG_WARN_DIRECT_OBJC_ISA_USAGE = YES_ERROR;
				CLANG_WARN_DOCUMENTATION_COMMENTS = YES;
				CLANG_WARN_EMPTY_BODY = YES;
				CLANG_WARN_ENUM_CONVERSION = YES;
				CLANG_WARN_INFINITE_RECURSION = YES;
				CLANG_WARN_INT_CONVERSION = YES;
				CLANG_WARN_NON_LITERAL_NULL_CONVERSION = YES;
				CLANG_WARN_OBJC_IMPLICIT_RETAIN_SELF = YES;
				CLANG_WARN_OBJC_LITERAL_CONVERSION = YES;
				CLANG_WARN_OBJC_ROOT_CLASS = YES_ERROR;
				CLANG_WARN_QUOTED_INCLUDE_IN_FRAMEWORK_HEADER = YES;
				CLANG_WARN_RANGE_LOOP_ANALYSIS = YES;
				CLANG_WARN_STRICT_PROTOTYPES = YES;
				CLANG_WARN_SUSPICIOUS_MOVE = YES;
				CLANG_WARN_UNGUARDED_AVAILABILITY = YES_AGGRESSIVE;
				CLANG_WARN_UNREACHABLE_CODE = YES;
				CLANG_WARN__DUPLICATE_METHOD_MATCH = YES;
				COPY_PHASE_STRIP = NO;
				DEBUG_INFORMATION_FORMAT = "dwarf-with-dsym";
				DEVELOPMENT_TEAM = PL8HN56NHD;
				ENABLE_NS_ASSERTIONS = NO;
				ENABLE_STRICT_OBJC_MSGSEND = YES;
				ENABLE_USER_SCRIPT_SANDBOXING = YES;
				GCC_C_LANGUAGE_STANDARD = gnu17;
				GCC_NO_COMMON_BLOCKS = YES;
				GCC_WARN_64_TO_32_BIT_CONVERSION = YES;
				GCC_WARN_ABOUT_RETURN_TYPE = YES_ERROR;
				GCC_WARN_UNDECLARED_SELECTOR = YES;
				GCC_WARN_UNINITIALIZED_AUTOS = YES_AGGRESSIVE;
				GCC_WARN_UNUSED_FUNCTION = YES;
				GCC_WARN_UNUSED_VARIABLE = YES;
				IPHONEOS_DEPLOYMENT_TARGET = 18.4;
				LOCALIZATION_PREFERS_STRING_CATALOGS = YES;
				MTL_ENABLE_DEBUG_INFO = NO;
				MTL_FAST_MATH = YES;
				SDKROOT = iphoneos;
				SWIFT_COMPILATION_MODE = wholemodule;
				VALIDATE_PRODUCT = YES;
			};
			name = Release;
		};
		96C7C8472DA3B8150054C754 /* Debug */ = {
			isa = XCBuildConfiguration;
			buildSettings = {
				BUNDLE_LOADER = "$(TEST_HOST)";
				CODE_SIGN_STYLE = Automatic;
				CURRENT_PROJECT_VERSION = 1;
				DEVELOPMENT_TEAM = PL8HN56NHD;
				GENERATE_INFOPLIST_FILE = YES;
				IPHONEOS_DEPLOYMENT_TARGET = 18.4;
				MARKETING_VERSION = 1.0;
				PRODUCT_BUNDLE_IDENTIFIER = com.ryanyao.catnotonchairTests;
				PRODUCT_NAME = "$(TARGET_NAME)";
				SWIFT_EMIT_LOC_STRINGS = NO;
				SWIFT_VERSION = 5.0;
				TARGETED_DEVICE_FAMILY = "1,2";
				TEST_HOST = "$(BUILT_PRODUCTS_DIR)/cat-not-on-chair.app/$(BUNDLE_EXECUTABLE_FOLDER_PATH)/cat-not-on-chair";
			};
			name = Debug;
		};
		96C7C8482DA3B8150054C754 /* Release */ = {
			isa = XCBuildConfiguration;
			buildSettings = {
				BUNDLE_LOADER = "$(TEST_HOST)";
				CODE_SIGN_STYLE = Automatic;
				CURRENT_PROJECT_VERSION = 1;
				DEVELOPMENT_TEAM = PL8HN56NHD;
				GENERATE_INFOPLIST_FILE = YES;
				IPHONEOS_DEPLOYMENT_TARGET = 18.4;
				MARKETING_VERSION = 1.0;
				PRODUCT_BUNDLE_IDENTIFIER = com.ryanyao.catnotonchairTests;
				PRODUCT_NAME = "$(TARGET_NAME)";
				SWIFT_EMIT_LOC_STRINGS = NO;
				SWIFT_VERSION = 5.0;
				TARGETED_DEVICE_FAMILY = "1,2";
				TEST_HOST = "$(BUILT_PRODUCTS_DIR)/cat-not-on-chair.app/$(BUNDLE_EXECUTABLE_FOLDER_PATH)/cat-not-on-chair";
			};
			name = Release;
		};
		96C7C84A2DA3B8150054C754 /* Debug */ = {
			isa = XCBuildConfiguration;
			buildSettings = {
				CODE_SIGN_STYLE = Automatic;
				CURRENT_PROJECT_VERSION = 1;
				DEVELOPMENT_TEAM = PL8HN56NHD;
				GENERATE_INFOPLIST_FILE = YES;
				MARKETING_VERSION = 1.0;
				PRODUCT_BUNDLE_IDENTIFIER = com.ryanyao.catnotonchairUITests;
				PRODUCT_NAME = "$(TARGET_NAME)";
				SWIFT_EMIT_LOC_STRINGS = NO;
				SWIFT_VERSION = 5.0;
				TARGETED_DEVICE_FAMILY = "1,2";
				TEST_TARGET_NAME = "cat-not-on-chair";
			};
			name = Debug;
		};
		96C7C84B2DA3B8150054C754 /* Release */ = {
			isa = XCBuildConfiguration;
			buildSettings = {
				CODE_SIGN_STYLE = Automatic;
				CURRENT_PROJECT_VERSION = 1;
				DEVELOPMENT_TEAM = PL8HN56NHD;
				GENERATE_INFOPLIST_FILE = YES;
				MARKETING_VERSION = 1.0;
				PRODUCT_BUNDLE_IDENTIFIER = com.ryanyao.catnotonchairUITests;
				PRODUCT_NAME = "$(TARGET_NAME)";
				SWIFT_EMIT_LOC_STRINGS = NO;
				SWIFT_VERSION = 5.0;
				TARGETED_DEVICE_FAMILY = "1,2";
				TEST_TARGET_NAME = "cat-not-on-chair";
			};
			name = Release;
		};
		96E873412DA3CFA90014ACF3 /* Debug */ = {
			isa = XCBuildConfiguration;
			buildSettings = {
				ASSETCATALOG_COMPILER_GLOBAL_ACCENT_COLOR_NAME = AccentColor;
				ASSETCATALOG_COMPILER_WIDGET_BACKGROUND_COLOR_NAME = WidgetBackground;
				CODE_SIGN_STYLE = Automatic;
				CURRENT_PROJECT_VERSION = 1;
				DEVELOPMENT_TEAM = PL8HN56NHD;
				GENERATE_INFOPLIST_FILE = YES;
				INFOPLIST_FILE = widget/Info.plist;
				INFOPLIST_KEY_CFBundleDisplayName = widget;
				INFOPLIST_KEY_NSHumanReadableCopyright = "";
				IPHONEOS_DEPLOYMENT_TARGET = 18.0;
				LD_RUNPATH_SEARCH_PATHS = (
					"$(inherited)",
					"@executable_path/Frameworks",
					"@executable_path/../../Frameworks",
				);
				MARKETING_VERSION = 1.0;
				PRODUCT_BUNDLE_IDENTIFIER = com.ryanyao.catnotonchair.widget;
				PRODUCT_NAME = "$(TARGET_NAME)";
				SKIP_INSTALL = YES;
				SWIFT_EMIT_LOC_STRINGS = YES;
				SWIFT_VERSION = 5.0;
				TARGETED_DEVICE_FAMILY = "1,2";
			};
			name = Debug;
		};
		96E873422DA3CFA90014ACF3 /* Release */ = {
			isa = XCBuildConfiguration;
			buildSettings = {
				ASSETCATALOG_COMPILER_GLOBAL_ACCENT_COLOR_NAME = AccentColor;
				ASSETCATALOG_COMPILER_WIDGET_BACKGROUND_COLOR_NAME = WidgetBackground;
				CODE_SIGN_STYLE = Automatic;
				CURRENT_PROJECT_VERSION = 1;
				DEVELOPMENT_TEAM = PL8HN56NHD;
				GENERATE_INFOPLIST_FILE = YES;
				INFOPLIST_FILE = widget/Info.plist;
				INFOPLIST_KEY_CFBundleDisplayName = widget;
				INFOPLIST_KEY_NSHumanReadableCopyright = "";
				IPHONEOS_DEPLOYMENT_TARGET = 18.0;
				LD_RUNPATH_SEARCH_PATHS = (
					"$(inherited)",
					"@executable_path/Frameworks",
					"@executable_path/../../Frameworks",
				);
				MARKETING_VERSION = 1.0;
				PRODUCT_BUNDLE_IDENTIFIER = com.ryanyao.catnotonchair.widget;
				PRODUCT_NAME = "$(TARGET_NAME)";
				SKIP_INSTALL = YES;
				SWIFT_EMIT_LOC_STRINGS = YES;
				SWIFT_VERSION = 5.0;
				TARGETED_DEVICE_FAMILY = "1,2";
			};
			name = Release;
		};
/* End XCBuildConfiguration section */

/* Begin XCConfigurationList section */
		96C7C8132DA3B8130054C754 /* Build configuration list for PBXProject "cat-not-on-chair" */ = {
			isa = XCConfigurationList;
			buildConfigurations = (
				96C7C8442DA3B8150054C754 /* Debug */,
				96C7C8452DA3B8150054C754 /* Release */,
			);
			defaultConfigurationIsVisible = 0;
			defaultConfigurationName = Release;
		};
		96C7C8412DA3B8150054C754 /* Build configuration list for PBXNativeTarget "cat-not-on-chair" */ = {
			isa = XCConfigurationList;
			buildConfigurations = (
				96C7C8422DA3B8150054C754 /* Debug */,
				96C7C8432DA3B8150054C754 /* Release */,
			);
			defaultConfigurationIsVisible = 0;
			defaultConfigurationName = Release;
		};
		96C7C8462DA3B8150054C754 /* Build configuration list for PBXNativeTarget "cat-not-on-chairTests" */ = {
			isa = XCConfigurationList;
			buildConfigurations = (
				96C7C8472DA3B8150054C754 /* Debug */,
				96C7C8482DA3B8150054C754 /* Release */,
			);
			defaultConfigurationIsVisible = 0;
			defaultConfigurationName = Release;
		};
		96C7C8492DA3B8150054C754 /* Build configuration list for PBXNativeTarget "cat-not-on-chairUITests" */ = {
			isa = XCConfigurationList;
			buildConfigurations = (
				96C7C84A2DA3B8150054C754 /* Debug */,
				96C7C84B2DA3B8150054C754 /* Release */,
			);
			defaultConfigurationIsVisible = 0;
			defaultConfigurationName = Release;
		};
		96E873402DA3CFA90014ACF3 /* Build configuration list for PBXNativeTarget "widgetExtension" */ = {
			isa = XCConfigurationList;
			buildConfigurations = (
				96E873412DA3CFA90014ACF3 /* Debug */,
				96E873422DA3CFA90014ACF3 /* Release */,
			);
			defaultConfigurationIsVisible = 0;
			defaultConfigurationName = Release;
		};
/* End XCConfigurationList section */
	};
	rootObject = 96C7C8102DA3B8130054C754 /* Project object */;
}
