// !$*UTF8*$!
{
	archiveVersion = 1;
	classes = {
	};
	objectVersion = 77;
	objects = {

/* Begin PBXBuildFile section */
		966FC0FC2D9B6591006BA51E /* ActivityKit.framework in Frameworks */ = {isa = PBXBuildFile; fileRef = 966FC0F82D9B6320006BA51E /* ActivityKit.framework */; };
		966FC0FD2D9B659D006BA51E /* WidgetKit.framework in Frameworks */ = {isa = PBXBuildFile; fileRef = 96C489FB2D9B5F1E006CCDB0 /* WidgetKit.framework */; };
		96C7C8042DA3B2920054C754 /* UIKit.framework in Frameworks */ = {isa = PBXBuildFile; fileRef = 96C7C8032DA3B2920054C754 /* UIKit.framework */; };
/* End PBXBuildFile section */

/* Begin PBXContainerItemProxy section */
		96A7A9E42D9B26CB0036CFD3 /* PBXContainerItemProxy */ = {
			isa = PBXContainerItemProxy;
			containerPortal = 96A7A9C92D9B26CA0036CFD3 /* Project object */;
			proxyType = 1;
			remoteGlobalIDString = 96A7A9D02D9B26CA0036CFD3;
			remoteInfo = "Cat Not On Chair";
		};
		96A7A9EE2D9B26CB0036CFD3 /* PBXContainerItemProxy */ = {
			isa = PBXContainerItemProxy;
			containerPortal = 96A7A9C92D9B26CA0036CFD3 /* Project object */;
			proxyType = 1;
			remoteGlobalIDString = 96A7A9D02D9B26CA0036CFD3;
			remoteInfo = "Cat Not On Chair";
		};
/* End PBXContainerItemProxy section */

/* Begin PBXCopyFilesBuildPhase section */
		96C48A142D9B5F22006CCDB0 /* Embed Foundation Extensions */ = {
			isa = PBXCopyFilesBuildPhase;
			buildActionMask = 2147483647;
			dstPath = "";
			dstSubfolderSpec = 13;
			files = (
			);
			name = "Embed Foundation Extensions";
			runOnlyForDeploymentPostprocessing = 0;
		};
/* End PBXCopyFilesBuildPhase section */

/* Begin PBXFileReference section */
		966FC0F82D9B6320006BA51E /* ActivityKit.framework */ = {isa = PBXFileReference; lastKnownFileType = wrapper.framework; name = ActivityKit.framework; path = System/Library/Frameworks/ActivityKit.framework; sourceTree = SDKROOT; };
		96A7A9D12D9B26CA0036CFD3 /* Cat Not On Chair.app */ = {isa = PBXFileReference; explicitFileType = wrapper.application; includeInIndex = 0; path = "Cat Not On Chair.app"; sourceTree = BUILT_PRODUCTS_DIR; };
		96A7A9E32D9B26CB0036CFD3 /* Cat Not On ChairTests.xctest */ = {isa = PBXFileReference; explicitFileType = wrapper.cfbundle; includeInIndex = 0; path = "Cat Not On ChairTests.xctest"; sourceTree = BUILT_PRODUCTS_DIR; };
		96A7A9ED2D9B26CB0036CFD3 /* Cat Not On ChairUITests.xctest */ = {isa = PBXFileReference; explicitFileType = wrapper.cfbundle; includeInIndex = 0; path = "Cat Not On ChairUITests.xctest"; sourceTree = BUILT_PRODUCTS_DIR; };
		96C489FB2D9B5F1E006CCDB0 /* WidgetKit.framework */ = {isa = PBXFileReference; lastKnownFileType = wrapper.framework; name = WidgetKit.framework; path = System/Library/Frameworks/WidgetKit.framework; sourceTree = SDKROOT; };
		96C489FD2D9B5F1F006CCDB0 /* SwiftUI.framework */ = {isa = PBXFileReference; lastKnownFileType = wrapper.framework; name = SwiftUI.framework; path = System/Library/Frameworks/SwiftUI.framework; sourceTree = SDKROOT; };
		96C7C8032DA3B2920054C754 /* UIKit.framework */ = {isa = PBXFileReference; lastKnownFileType = wrapper.framework; name = UIKit.framework; path = System/Library/Frameworks/UIKit.framework; sourceTree = SDKROOT; };
/* End PBXFileReference section */

/* Begin PBXFileSystemSynchronizedRootGroup section */
		96A7A9D32D9B26CA0036CFD3 /* Cat Not On Chair */ = {
			isa = PBXFileSystemSynchronizedRootGroup;
			path = "Cat Not On Chair";
			sourceTree = "<group>";
		};
		96A7A9E62D9B26CB0036CFD3 /* Cat Not On ChairTests */ = {
			isa = PBXFileSystemSynchronizedRootGroup;
			path = "Cat Not On ChairTests";
			sourceTree = "<group>";
		};
		96A7A9F02D9B26CB0036CFD3 /* Cat Not On ChairUITests */ = {
			isa = PBXFileSystemSynchronizedRootGroup;
			path = "Cat Not On ChairUITests";
			sourceTree = "<group>";
		};
/* End PBXFileSystemSynchronizedRootGroup section */

/* Begin PBXFrameworksBuildPhase section */
		96A7A9CE2D9B26CA0036CFD3 /* Frameworks */ = {
			isa = PBXFrameworksBuildPhase;
			buildActionMask = 2147483647;
			files = (
				966FC0FC2D9B6591006BA51E /* ActivityKit.framework in Frameworks */,
				96C7C8042DA3B2920054C754 /* UIKit.framework in Frameworks */,
				966FC0FD2D9B659D006BA51E /* WidgetKit.framework in Frameworks */,
			);
			runOnlyForDeploymentPostprocessing = 0;
		};
		96A7A9E02D9B26CB0036CFD3 /* Frameworks */ = {
			isa = PBXFrameworksBuildPhase;
			buildActionMask = 2147483647;
			files = (
			);
			runOnlyForDeploymentPostprocessing = 0;
		};
		96A7A9EA2D9B26CB0036CFD3 /* Frameworks */ = {
			isa = PBXFrameworksBuildPhase;
			buildActionMask = 2147483647;
			files = (
			);
			runOnlyForDeploymentPostprocessing = 0;
		};
/* End PBXFrameworksBuildPhase section */

/* Begin PBXGroup section */
		96A7A9C82D9B26CA0036CFD3 = {
			isa = PBXGroup;
			children = (
				96A7A9D32D9B26CA0036CFD3 /* Cat Not On Chair */,
				96A7A9E62D9B26CB0036CFD3 /* Cat Not On ChairTests */,
				96A7A9F02D9B26CB0036CFD3 /* Cat Not On ChairUITests */,
				96C489FA2D9B5F1E006CCDB0 /* Frameworks */,
				96A7A9D22D9B26CA0036CFD3 /* Products */,
			);
			sourceTree = "<group>";
		};
		96A7A9D22D9B26CA0036CFD3 /* Products */ = {
			isa = PBXGroup;
			children = (
				96A7A9D12D9B26CA0036CFD3 /* Cat Not On Chair.app */,
				96A7A9E32D9B26CB0036CFD3 /* Cat Not On ChairTests.xctest */,
				96A7A9ED2D9B26CB0036CFD3 /* Cat Not On ChairUITests.xctest */,
			);
			name = Products;
			sourceTree = "<group>";
		};
		96C489FA2D9B5F1E006CCDB0 /* Frameworks */ = {
			isa = PBXGroup;
			children = (
				96C7C8032DA3B2920054C754 /* UIKit.framework */,
				966FC0F82D9B6320006BA51E /* ActivityKit.framework */,
				96C489FB2D9B5F1E006CCDB0 /* WidgetKit.framework */,
				96C489FD2D9B5F1F006CCDB0 /* SwiftUI.framework */,
			);
			name = Frameworks;
			sourceTree = "<group>";
		};
/* End PBXGroup section */

/* Begin PBXNativeTarget section */
		96A7A9D02D9B26CA0036CFD3 /* Cat Not On Chair */ = {
			isa = PBXNativeTarget;
			buildConfigurationList = 96A7A9F72D9B26CB0036CFD3 /* Build configuration list for PBXNativeTarget "Cat Not On Chair" */;
			buildPhases = (
				96A7A9CD2D9B26CA0036CFD3 /* Sources */,
				96A7A9CE2D9B26CA0036CFD3 /* Frameworks */,
				96A7A9CF2D9B26CA0036CFD3 /* Resources */,
				96C48A142D9B5F22006CCDB0 /* Embed Foundation Extensions */,
			);
			buildRules = (
			);
			dependencies = (
			);
			fileSystemSynchronizedGroups = (
				96A7A9D32D9B26CA0036CFD3 /* Cat Not On Chair */,
			);
			name = "Cat Not On Chair";
			packageProductDependencies = (
			);
			productName = "Cat Not On Chair";
			productReference = 96A7A9D12D9B26CA0036CFD3 /* Cat Not On Chair.app */;
			productType = "com.apple.product-type.application";
		};
		96A7A9E22D9B26CB0036CFD3 /* Cat Not On ChairTests */ = {
			isa = PBXNativeTarget;
			buildConfigurationList = 96A7A9FA2D9B26CB0036CFD3 /* Build configuration list for PBXNativeTarget "Cat Not On ChairTests" */;
			buildPhases = (
				96A7A9DF2D9B26CB0036CFD3 /* Sources */,
				96A7A9E02D9B26CB0036CFD3 /* Frameworks */,
				96A7A9E12D9B26CB0036CFD3 /* Resources */,
			);
			buildRules = (
			);
			dependencies = (
				96A7A9E52D9B26CB0036CFD3 /* PBXTargetDependency */,
			);
			fileSystemSynchronizedGroups = (
				96A7A9E62D9B26CB0036CFD3 /* Cat Not On ChairTests */,
			);
			name = "Cat Not On ChairTests";
			packageProductDependencies = (
			);
			productName = "Cat Not On ChairTests";
			productReference = 96A7A9E32D9B26CB0036CFD3 /* Cat Not On ChairTests.xctest */;
			productType = "com.apple.product-type.bundle.unit-test";
		};
		96A7A9EC2D9B26CB0036CFD3 /* Cat Not On ChairUITests */ = {
			isa = PBXNativeTarget;
			buildConfigurationList = 96A7A9FD2D9B26CB0036CFD3 /* Build configuration list for PBXNativeTarget "Cat Not On ChairUITests" */;
			buildPhases = (
				96A7A9E92D9B26CB0036CFD3 /* Sources */,
				96A7A9EA2D9B26CB0036CFD3 /* Frameworks */,
				96A7A9EB2D9B26CB0036CFD3 /* Resources */,
			);
			buildRules = (
			);
			dependencies = (
				96A7A9EF2D9B26CB0036CFD3 /* PBXTargetDependency */,
			);
			fileSystemSynchronizedGroups = (
				96A7A9F02D9B26CB0036CFD3 /* Cat Not On ChairUITests */,
			);
			name = "Cat Not On ChairUITests";
			packageProductDependencies = (
			);
			productName = "Cat Not On ChairUITests";
			productReference = 96A7A9ED2D9B26CB0036CFD3 /* Cat Not On ChairUITests.xctest */;
			productType = "com.apple.product-type.bundle.ui-testing";
		};
/* End PBXNativeTarget section */

/* Begin PBXProject section */
		96A7A9C92D9B26CA0036CFD3 /* Project object */ = {
			isa = PBXProject;
			attributes = {
				BuildIndependentTargetsInParallel = 1;
				LastSwiftUpdateCheck = 1620;
				LastUpgradeCheck = 1630;
				TargetAttributes = {
					96A7A9D02D9B26CA0036CFD3 = {
						CreatedOnToolsVersion = 16.2;
					};
					96A7A9E22D9B26CB0036CFD3 = {
						CreatedOnToolsVersion = 16.2;
						TestTargetID = 96A7A9D02D9B26CA0036CFD3;
					};
					96A7A9EC2D9B26CB0036CFD3 = {
						CreatedOnToolsVersion = 16.2;
						TestTargetID = 96A7A9D02D9B26CA0036CFD3;
					};
				};
			};
			buildConfigurationList = 96A7A9CC2D9B26CA0036CFD3 /* Build configuration list for PBXProject "Cat Not On Chair" */;
			developmentRegion = en;
			hasScannedForEncodings = 0;
			knownRegions = (
				en,
				Base,
			);
			mainGroup = 96A7A9C82D9B26CA0036CFD3;
			minimizedProjectReferenceProxies = 1;
			packageReferences = (
				96A7AA002D9B28FE0036CFD3 /* XCRemoteSwiftPackageReference "Inject" */,
			);
			preferredProjectObjectVersion = 77;
			productRefGroup = 96A7A9D22D9B26CA0036CFD3 /* Products */;
			projectDirPath = "";
			projectRoot = "";
			targets = (
				96A7A9D02D9B26CA0036CFD3 /* Cat Not On Chair */,
				96A7A9E22D9B26CB0036CFD3 /* Cat Not On ChairTests */,
				96A7A9EC2D9B26CB0036CFD3 /* Cat Not On ChairUITests */,
			);
		};
/* End PBXProject section */

/* Begin PBXResourcesBuildPhase section */
		96A7A9CF2D9B26CA0036CFD3 /* Resources */ = {
			isa = PBXResourcesBuildPhase;
			buildActionMask = 2147483647;
			files = (
			);
			runOnlyForDeploymentPostprocessing = 0;
		};
		96A7A9E12D9B26CB0036CFD3 /* Resources */ = {
			isa = PBXResourcesBuildPhase;
			buildActionMask = 2147483647;
			files = (
			);
			runOnlyForDeploymentPostprocessing = 0;
		};
		96A7A9EB2D9B26CB0036CFD3 /* Resources */ = {
			isa = PBXResourcesBuildPhase;
			buildActionMask = 2147483647;
			files = (
			);
			runOnlyForDeploymentPostprocessing = 0;
		};
/* End PBXResourcesBuildPhase section */

/* Begin PBXSourcesBuildPhase section */
		96A7A9CD2D9B26CA0036CFD3 /* Sources */ = {
			isa = PBXSourcesBuildPhase;
			buildActionMask = 2147483647;
			files = (
			);
			runOnlyForDeploymentPostprocessing = 0;
		};
		96A7A9DF2D9B26CB0036CFD3 /* Sources */ = {
			isa = PBXSourcesBuildPhase;
			buildActionMask = 2147483647;
			files = (
			);
			runOnlyForDeploymentPostprocessing = 0;
		};
		96A7A9E92D9B26CB0036CFD3 /* Sources */ = {
			isa = PBXSourcesBuildPhase;
			buildActionMask = 2147483647;
			files = (
			);
			runOnlyForDeploymentPostprocessing = 0;
		};
/* End PBXSourcesBuildPhase section */

/* Begin PBXTargetDependency section */
		96A7A9E52D9B26CB0036CFD3 /* PBXTargetDependency */ = {
			isa = PBXTargetDependency;
			target = 96A7A9D02D9B26CA0036CFD3 /* Cat Not On Chair */;
			targetProxy = 96A7A9E42D9B26CB0036CFD3 /* PBXContainerItemProxy */;
		};
		96A7A9EF2D9B26CB0036CFD3 /* PBXTargetDependency */ = {
			isa = PBXTargetDependency;
			target = 96A7A9D02D9B26CA0036CFD3 /* Cat Not On Chair */;
			targetProxy = 96A7A9EE2D9B26CB0036CFD3 /* PBXContainerItemProxy */;
		};
/* End PBXTargetDependency section */

/* Begin XCBuildConfiguration section */
		96A7A9F52D9B26CB0036CFD3 /* Debug */ = {
			isa = XCBuildConfiguration;
			buildSettings = {
				ALWAYS_SEARCH_USER_PATHS = NO;
				ASSETCATALOG_COMPILER_GENERATE_SWIFT_ASSET_SYMBOL_EXTENSIONS = YES;
				CLANG_ANALYZER_NONNULL = YES;
				CLANG_ANALYZER_NUMBER_OBJECT_CONVERSION = YES_AGGRESSIVE;
				CLANG_CXX_LANGUAGE_STANDARD = "gnu++20";
				CLANG_ENABLE_MODULES = YES;
				CLANG_ENABLE_OBJC_ARC = YES;
				CLANG_ENABLE_OBJC_WEAK = YES;
				CLANG_WARN_BLOCK_CAPTURE_AUTORELEASING = YES;
				CLANG_WARN_BOOL_CONVERSION = YES;
				CLANG_WARN_COMMA = YES;
				CLANG_WARN_CONSTANT_CONVERSION = YES;
				CLANG_WARN_DEPRECATED_OBJC_IMPLEMENTATIONS = YES;
				CLANG_WARN_DIRECT_OBJC_ISA_USAGE = YES_ERROR;
				CLANG_WARN_DOCUMENTATION_COMMENTS = YES;
				CLANG_WARN_EMPTY_BODY = YES;
				CLANG_WARN_ENUM_CONVERSION = YES;
				CLANG_WARN_INFINITE_RECURSION = YES;
				CLANG_WARN_INT_CONVERSION = YES;
				CLANG_WARN_NON_LITERAL_NULL_CONVERSION = YES;
				CLANG_WARN_OBJC_IMPLICIT_RETAIN_SELF = YES;
				CLANG_WARN_OBJC_LITERAL_CONVERSION = YES;
				CLANG_WARN_OBJC_ROOT_CLASS = YES_ERROR;
				CLANG_WARN_QUOTED_INCLUDE_IN_FRAMEWORK_HEADER = YES;
				CLANG_WARN_RANGE_LOOP_ANALYSIS = YES;
				CLANG_WARN_STRICT_PROTOTYPES = YES;
				CLANG_WARN_SUSPICIOUS_MOVE = YES;
				CLANG_WARN_UNGUARDED_AVAILABILITY = YES_AGGRESSIVE;
				CLANG_WARN_UNREACHABLE_CODE = YES;
				CLANG_WARN__DUPLICATE_METHOD_MATCH = YES;
				COPY_PHASE_STRIP = NO;
				DEBUG_INFORMATION_FORMAT = dwarf;
				DEVELOPMENT_TEAM = PL8HN56NHD;
				ENABLE_STRICT_OBJC_MSGSEND = YES;
				ENABLE_TESTABILITY = YES;
				ENABLE_USER_SCRIPT_SANDBOXING = YES;
				GCC_C_LANGUAGE_STANDARD = gnu17;
				GCC_DYNAMIC_NO_PIC = NO;
				GCC_NO_COMMON_BLOCKS = YES;
				GCC_OPTIMIZATION_LEVEL = 0;
				GCC_PREPROCESSOR_DEFINITIONS = (
					"DEBUG=1",
					"$(inherited)",
				);
				GCC_WARN_64_TO_32_BIT_CONVERSION = YES;
				GCC_WARN_ABOUT_RETURN_TYPE = YES_ERROR;
				GCC_WARN_UNDECLARED_SELECTOR = YES;
				GCC_WARN_UNINITIALIZED_AUTOS = YES_AGGRESSIVE;
				GCC_WARN_UNUSED_FUNCTION = YES;
				GCC_WARN_UNUSED_VARIABLE = YES;
				INFOPLIST_FILE = "";
				IPHONEOS_DEPLOYMENT_TARGET = 18.2;
				LOCALIZATION_PREFERS_STRING_CATALOGS = YES;
				MTL_ENABLE_DEBUG_INFO = INCLUDE_SOURCE;
				MTL_FAST_MATH = YES;
				ONLY_ACTIVE_ARCH = YES;
				SDKROOT = iphoneos;
				SWIFT_ACTIVE_COMPILATION_CONDITIONS = "DEBUG $(inherited)";
				SWIFT_OPTIMIZATION_LEVEL = "-Onone";
			};
			name = Debug;
		};
		96A7A9F62D9B26CB0036CFD3 /* Release */ = {
			isa = XCBuildConfiguration;
			buildSettings = {
				ALWAYS_SEARCH_USER_PATHS = NO;
				ASSETCATALOG_COMPILER_GENERATE_SWIFT_ASSET_SYMBOL_EXTENSIONS = YES;
				CLANG_ANALYZER_NONNULL = YES;
				CLANG_ANALYZER_NUMBER_OBJECT_CONVERSION = YES_AGGRESSIVE;
				CLANG_CXX_LANGUAGE_STANDARD = "gnu++20";
				CLANG_ENABLE_MODULES = YES;
				CLANG_ENABLE_OBJC_ARC = YES;
				CLANG_ENABLE_OBJC_WEAK = YES;
				CLANG_WARN_BLOCK_CAPTURE_AUTORELEASING = YES;
				CLANG_WARN_BOOL_CONVERSION = YES;
				CLANG_WARN_COMMA = YES;
				CLANG_WARN_CONSTANT_CONVERSION = YES;
				CLANG_WARN_DEPRECATED_OBJC_IMPLEMENTATIONS = YES;
				CLANG_WARN_DIRECT_OBJC_ISA_USAGE = YES_ERROR;
				CLANG_WARN_DOCUMENTATION_COMMENTS = YES;
				CLANG_WARN_EMPTY_BODY = YES;
				CLANG_WARN_ENUM_CONVERSION = YES;
				CLANG_WARN_INFINITE_RECURSION = YES;
				CLANG_WARN_INT_CONVERSION = YES;
				CLANG_WARN_NON_LITERAL_NULL_CONVERSION = YES;
				CLANG_WARN_OBJC_IMPLICIT_RETAIN_SELF = YES;
				CLANG_WARN_OBJC_LITERAL_CONVERSION = YES;
				CLANG_WARN_OBJC_ROOT_CLASS = YES_ERROR;
				CLANG_WARN_QUOTED_INCLUDE_IN_FRAMEWORK_HEADER = YES;
				CLANG_WARN_RANGE_LOOP_ANALYSIS = YES;
				CLANG_WARN_STRICT_PROTOTYPES = YES;
				CLANG_WARN_SUSPICIOUS_MOVE = YES;
				CLANG_WARN_UNGUARDED_AVAILABILITY = YES_AGGRESSIVE;
				CLANG_WARN_UNREACHABLE_CODE = YES;
				CLANG_WARN__DUPLICATE_METHOD_MATCH = YES;
				COPY_PHASE_STRIP = NO;
				DEBUG_INFORMATION_FORMAT = "dwarf-with-dsym";
				DEVELOPMENT_TEAM = PL8HN56NHD;
				ENABLE_NS_ASSERTIONS = NO;
				ENABLE_STRICT_OBJC_MSGSEND = YES;
				ENABLE_USER_SCRIPT_SANDBOXING = YES;
				GCC_C_LANGUAGE_STANDARD = gnu17;
				GCC_NO_COMMON_BLOCKS = YES;
				GCC_WARN_64_TO_32_BIT_CONVERSION = YES;
				GCC_WARN_ABOUT_RETURN_TYPE = YES_ERROR;
				GCC_WARN_UNDECLARED_SELECTOR = YES;
				GCC_WARN_UNINITIALIZED_AUTOS = YES_AGGRESSIVE;
				GCC_WARN_UNUSED_FUNCTION = YES;
				GCC_WARN_UNUSED_VARIABLE = YES;
				INFOPLIST_FILE = "";
				IPHONEOS_DEPLOYMENT_TARGET = 18.2;
				LOCALIZATION_PREFERS_STRING_CATALOGS = YES;
				MTL_ENABLE_DEBUG_INFO = NO;
				MTL_FAST_MATH = YES;
				SDKROOT = iphoneos;
				SWIFT_COMPILATION_MODE = wholemodule;
				VALIDATE_PRODUCT = YES;
			};
			name = Release;
		};
		96A7A9F82D9B26CB0036CFD3 /* Debug */ = {
			isa = XCBuildConfiguration;
			buildSettings = {
				ASSETCATALOG_COMPILER_APPICON_NAME = AppIcon;
				ASSETCATALOG_COMPILER_GLOBAL_ACCENT_COLOR_NAME = AccentColor;
				CODE_SIGN_ENTITLEMENTS = "Cat Not On Chair/Cat Not On Chair.entitlements";
				CODE_SIGN_STYLE = Automatic;
				CURRENT_PROJECT_VERSION = 1;
				DEVELOPMENT_ASSET_PATHS = "\"Cat Not On Chair/Preview Content\"";
				ENABLE_PREVIEWS = YES;
				GENERATE_INFOPLIST_FILE = YES;
				INFOPLIST_FILE = Info.plist;
				INFOPLIST_KEY_NSSupportsLiveActivities = YES;
				INFOPLIST_KEY_UIApplicationSceneManifest_Generation = YES;
				INFOPLIST_KEY_UIApplicationSupportsIndirectInputEvents = YES;
				INFOPLIST_KEY_UILaunchScreen_Generation = YES;
				INFOPLIST_KEY_UISupportedInterfaceOrientations_iPad = "UIInterfaceOrientationPortrait UIInterfaceOrientationPortraitUpsideDown UIInterfaceOrientationLandscapeLeft UIInterfaceOrientationLandscapeRight";
				INFOPLIST_KEY_UISupportedInterfaceOrientations_iPhone = "UIInterfaceOrientationPortrait UIInterfaceOrientationLandscapeLeft UIInterfaceOrientationLandscapeRight";
				IPHONEOS_DEPLOYMENT_TARGET = 17.6;
				LD_RUNPATH_SEARCH_PATHS = (
					"$(inherited)",
					"@executable_path/Frameworks",
				);
				MARKETING_VERSION = 1.0;
				PRODUCT_BUNDLE_IDENTIFIER = "com.ryanyao.catnotonchair";
				PRODUCT_NAME = "$(TARGET_NAME)";
				SUPPORTED_PLATFORMS = "iphoneos iphonesimulator";
				SUPPORTS_MACCATALYST = NO;
				SUPPORTS_MAC_DESIGNED_FOR_IPHONE_IPAD = NO;
				SUPPORTS_XR_DESIGNED_FOR_IPHONE_IPAD = NO;
				SWIFT_EMIT_LOC_STRINGS = YES;
				SWIFT_VERSION = 6.0;
				TARGETED_DEVICE_FAMILY = "1,2";
			};
			name = Debug;
		};
		96A7A9F92D9B26CB0036CFD3 /* Release */ = {
			isa = XCBuildConfiguration;
			buildSettings = {
				ASSETCATALOG_COMPILER_APPICON_NAME = AppIcon;
				ASSETCATALOG_COMPILER_GLOBAL_ACCENT_COLOR_NAME = AccentColor;
				CODE_SIGN_ENTITLEMENTS = "Cat Not On Chair/Cat Not On Chair.entitlements";
				CODE_SIGN_STYLE = Automatic;
				CURRENT_PROJECT_VERSION = 1;
				DEVELOPMENT_ASSET_PATHS = "\"Cat Not On Chair/Preview Content\"";
				ENABLE_PREVIEWS = YES;
				GENERATE_INFOPLIST_FILE = YES;
				INFOPLIST_FILE = Info.plist;
				INFOPLIST_KEY_NSSupportsLiveActivities = YES;
				INFOPLIST_KEY_UIApplicationSceneManifest_Generation = YES;
				INFOPLIST_KEY_UIApplicationSupportsIndirectInputEvents = YES;
				INFOPLIST_KEY_UILaunchScreen_Generation = YES;
				INFOPLIST_KEY_UISupportedInterfaceOrientations_iPad = "UIInterfaceOrientationPortrait UIInterfaceOrientationPortraitUpsideDown UIInterfaceOrientationLandscapeLeft UIInterfaceOrientationLandscapeRight";
				INFOPLIST_KEY_UISupportedInterfaceOrientations_iPhone = "UIInterfaceOrientationPortrait UIInterfaceOrientationLandscapeLeft UIInterfaceOrientationLandscapeRight";
				IPHONEOS_DEPLOYMENT_TARGET = 17.6;
				LD_RUNPATH_SEARCH_PATHS = (
					"$(inherited)",
					"@executable_path/Frameworks",
				);
				MARKETING_VERSION = 1.0;
				PRODUCT_BUNDLE_IDENTIFIER = "com.ryanyao.catnotonchair";
				PRODUCT_NAME = "$(TARGET_NAME)";
				SUPPORTED_PLATFORMS = "iphoneos iphonesimulator";
				SUPPORTS_MACCATALYST = NO;
				SUPPORTS_MAC_DESIGNED_FOR_IPHONE_IPAD = NO;
				SUPPORTS_XR_DESIGNED_FOR_IPHONE_IPAD = NO;
				SWIFT_EMIT_LOC_STRINGS = YES;
				SWIFT_VERSION = 6.0;
				TARGETED_DEVICE_FAMILY = "1,2";
			};
			name = Release;
		};
		96A7A9FB2D9B26CB0036CFD3 /* Debug */ = {
			isa = XCBuildConfiguration;
			buildSettings = {
				BUNDLE_LOADER = "$(TEST_HOST)";
				CODE_SIGN_STYLE = Automatic;
				CURRENT_PROJECT_VERSION = 1;
				GENERATE_INFOPLIST_FILE = YES;
				IPHONEOS_DEPLOYMENT_TARGET = 18.2;
				MARKETING_VERSION = 1.0;
				PRODUCT_BUNDLE_IDENTIFIER = "com.ryanyao.catnotonchairTests";
				PRODUCT_NAME = "$(TARGET_NAME)";
				SWIFT_EMIT_LOC_STRINGS = NO;
				SWIFT_VERSION = 5.0;
				TARGETED_DEVICE_FAMILY = "1,2";
				TEST_HOST = "$(BUILT_PRODUCTS_DIR)/Cat Not On Chair.app/$(BUNDLE_EXECUTABLE_FOLDER_PATH)/Cat Not On Chair";
			};
			name = Debug;
		};
		96A7A9FC2D9B26CB0036CFD3 /* Release */ = {
			isa = XCBuildConfiguration;
			buildSettings = {
				BUNDLE_LOADER = "$(TEST_HOST)";
				CODE_SIGN_STYLE = Automatic;
				CURRENT_PROJECT_VERSION = 1;
				GENERATE_INFOPLIST_FILE = YES;
				IPHONEOS_DEPLOYMENT_TARGET = 18.2;
				MARKETING_VERSION = 1.0;
				PRODUCT_BUNDLE_IDENTIFIER = "com.ryanyao.catnotonchairTests";
				PRODUCT_NAME = "$(TARGET_NAME)";
				SWIFT_EMIT_LOC_STRINGS = NO;
				SWIFT_VERSION = 5.0;
				TARGETED_DEVICE_FAMILY = "1,2";
				TEST_HOST = "$(BUILT_PRODUCTS_DIR)/Cat Not On Chair.app/$(BUNDLE_EXECUTABLE_FOLDER_PATH)/Cat Not On Chair";
			};
			name = Release;
		};
		96A7A9FE2D9B26CB0036CFD3 /* Debug */ = {
			isa = XCBuildConfiguration;
			buildSettings = {
				CODE_SIGN_STYLE = Automatic;
				CURRENT_PROJECT_VERSION = 1;
				GENERATE_INFOPLIST_FILE = YES;
				MARKETING_VERSION = 1.0;
				PRODUCT_BUNDLE_IDENTIFIER = "com.ryanyao.catnotonchairUITests";
				PRODUCT_NAME = "$(TARGET_NAME)";
				SWIFT_EMIT_LOC_STRINGS = NO;
				SWIFT_VERSION = 5.0;
				TARGETED_DEVICE_FAMILY = "1,2";
				TEST_TARGET_NAME = "Cat Not On Chair";
			};
			name = Debug;
		};
		96A7A9FF2D9B26CB0036CFD3 /* Release */ = {
			isa = XCBuildConfiguration;
			buildSettings = {
				CODE_SIGN_STYLE = Automatic;
				CURRENT_PROJECT_VERSION = 1;
				GENERATE_INFOPLIST_FILE = YES;
				MARKETING_VERSION = 1.0;
				PRODUCT_BUNDLE_IDENTIFIER = "com.ryanyao.catnotonchairUITests";
				PRODUCT_NAME = "$(TARGET_NAME)";
				SWIFT_EMIT_LOC_STRINGS = NO;
				SWIFT_VERSION = 5.0;
				TARGETED_DEVICE_FAMILY = "1,2";
				TEST_TARGET_NAME = "Cat Not On Chair";
			};
			name = Release;
		};
/* End XCBuildConfiguration section */

/* Begin XCConfigurationList section */
		96A7A9CC2D9B26CA0036CFD3 /* Build configuration list for PBXProject "Cat Not On Chair" */ = {
			isa = XCConfigurationList;
			buildConfigurations = (
				96A7A9F52D9B26CB0036CFD3 /* Debug */,
				96A7A9F62D9B26CB0036CFD3 /* Release */,
			);
			defaultConfigurationIsVisible = 0;
			defaultConfigurationName = Release;
		};
		96A7A9F72D9B26CB0036CFD3 /* Build configuration list for PBXNativeTarget "Cat Not On Chair" */ = {
			isa = XCConfigurationList;
			buildConfigurations = (
				96A7A9F82D9B26CB0036CFD3 /* Debug */,
				96A7A9F92D9B26CB0036CFD3 /* Release */,
			);
			defaultConfigurationIsVisible = 0;
			defaultConfigurationName = Release;
		};
		96A7A9FA2D9B26CB0036CFD3 /* Build configuration list for PBXNativeTarget "Cat Not On ChairTests" */ = {
			isa = XCConfigurationList;
			buildConfigurations = (
				96A7A9FB2D9B26CB0036CFD3 /* Debug */,
				96A7A9FC2D9B26CB0036CFD3 /* Release */,
			);
			defaultConfigurationIsVisible = 0;
			defaultConfigurationName = Release;
		};
		96A7A9FD2D9B26CB0036CFD3 /* Build configuration list for PBXNativeTarget "Cat Not On ChairUITests" */ = {
			isa = XCConfigurationList;
			buildConfigurations = (
				96A7A9FE2D9B26CB0036CFD3 /* Debug */,
				96A7A9FF2D9B26CB0036CFD3 /* Release */,
			);
			defaultConfigurationIsVisible = 0;
			defaultConfigurationName = Release;
		};
/* End XCConfigurationList section */

/* Begin XCRemoteSwiftPackageReference section */
		96A7AA002D9B28FE0036CFD3 /* XCRemoteSwiftPackageReference "Inject" */ = {
			isa = XCRemoteSwiftPackageReference;
			repositoryURL = "https://github.com/krzysztofzablocki/Inject.git";
			requirement = {
				kind = upToNextMajorVersion;
				minimumVersion = 1.5.2;
			};
		};
/* End XCRemoteSwiftPackageReference section */
	};
	rootObject = 96A7A9C92D9B26CA0036CFD3 /* Project object */;
}
